
Microsoft Visual Studio Solution File, Format Version 12.00
# Visual Studio Version 16
VisualStudioVersion = 16.0.33214.272
MinimumVisualStudioVersion = 10.0.40219.1
Project("{FAE04EC0-301F-11D3-BF4B-00C04F79EFBC}") = "Cinema", "Cinema\Cinema.csproj", "{742E7D98-D950-4B89-BD73-8549742F4586}"
EndProject
Global
	GlobalSection(SolutionConfigurationPlatforms) = preSolution
		Debug|Any CPU = Debug|Any CPU
		Release|Any CPU = Release|Any CPU
	EndGlobalSection
	GlobalSection(ProjectConfigurationPlatforms) = postSolution
		{742E7D98-D950-4B89-BD73-8549742F4586}.Debug|Any CPU.ActiveCfg = Debug|Any CPU
		{742E7D98-D950-4B89-BD73-8549742F4586}.Debug|Any CPU.Build.0 = Debug|Any CPU
		{742E7D98-D950-4B89-BD73-8549742F4586}.Release|Any CPU.ActiveCfg = Release|Any CPU
		{742E7D98-D950-4B89-BD73-8549742F4586}.Release|Any CPU.Build.0 = Release|Any CPU
	EndGlobalSection
	GlobalSection(SolutionProperties) = preSolution
		HideSolutionNode = FALSE
	EndGlobalSection
	GlobalSection(ExtensibilityGlobals) = postSolution
		SolutionGuid = {3C2AD53F-4A12-44AB-AFD8-8378C2F2229E}
	EndGlobalSection
EndGlobal
